
Microsoft Visual Studio Solution File, Format Version 12.00
# Visual Studio Version 17
VisualStudioVersion = 17.0.31919.166
MinimumVisualStudioVersion = 10.0.40219.1
Project("{FAE04EC0-301F-11D3-BF4B-00C04F79EFBC}") = "EvaluationManagerV2", "EvaluationManagerV2\EvaluationManagerV2.csproj", "{7DD7139A-F1AB-494A-A837-57A225BE644E}"
EndProject
Global
	GlobalSection(SolutionConfigurationPlatforms) = preSolution
		Debug|Any CPU = Debug|Any CPU
		Release|Any CPU = Release|Any CPU
	EndGlobalSection
	GlobalSection(ProjectConfigurationPlatforms) = postSolution
		{7DD7139A-F1AB-494A-A837-57A225BE644E}.Debug|Any CPU.ActiveCfg = Debug|Any CPU
		{7DD7139A-F1AB-494A-A837-57A225BE644E}.Debug|Any CPU.Build.0 = Debug|Any CPU
		{7DD7139A-F1AB-494A-A837-57A225BE644E}.Release|Any CPU.ActiveCfg = Release|Any CPU
		{7DD7139A-F1AB-494A-A837-57A225BE644E}.Release|Any CPU.Build.0 = Release|Any CPU
	EndGlobalSection
	GlobalSection(SolutionProperties) = preSolution
		HideSolutionNode = FALSE
	EndGlobalSection
	GlobalSection(ExtensibilityGlobals) = postSolution
		SolutionGuid = {C5747456-1CFF-4CC6-94F5-82915AF74A21}
	EndGlobalSection
EndGlobal
